
Microsoft Visual Studio Solution File, Format Version 12.00
# Visual Studio Version 17
VisualStudioVersion = 17.4.33110.190
MinimumVisualStudioVersion = 10.0.40219.1
Project("{FAE04EC0-301F-11D3-BF4B-00C04F79EFBC}") = "textboxvalue", "textboxvalue\textboxvalue.csproj", "{056C4A1B-5B20-4640-9C4E-E3835C087BCA}"
EndProject
Global
	GlobalSection(SolutionConfigurationPlatforms) = preSolution
		Debug|Any CPU = Debug|Any CPU
		Release|Any CPU = Release|Any CPU
	EndGlobalSection
	GlobalSection(ProjectConfigurationPlatforms) = postSolution
		{056C4A1B-5B20-4640-9C4E-E3835C087BCA}.Debug|Any CPU.ActiveCfg = Debug|Any CPU
		{056C4A1B-5B20-4640-9C4E-E3835C087BCA}.Debug|Any CPU.Build.0 = Debug|Any CPU
		{056C4A1B-5B20-4640-9C4E-E3835C087BCA}.Release|Any CPU.ActiveCfg = Release|Any CPU
		{056C4A1B-5B20-4640-9C4E-E3835C087BCA}.Release|Any CPU.Build.0 = Release|Any CPU
	EndGlobalSection
	GlobalSection(SolutionProperties) = preSolution
		HideSolutionNode = FALSE
	EndGlobalSection
	GlobalSection(ExtensibilityGlobals) = postSolution
		SolutionGuid = {8B900075-AA45-4E4A-9893-F0846C0F9F00}
	EndGlobalSection
EndGlobal
