
Microsoft Visual Studio Solution File, Format Version 12.00
# Visual Studio Version 17
VisualStudioVersion = 17.4.33110.190
MinimumVisualStudioVersion = 10.0.40219.1
Project("{FAE04EC0-301F-11D3-BF4B-00C04F79EFBC}") = "Login", "Login\Login.csproj", "{65A54CC1-69A2-4CE6-B37A-83E459A45002}"
EndProject
Global
	GlobalSection(SolutionConfigurationPlatforms) = preSolution
		Debug|Any CPU = Debug|Any CPU
		Release|Any CPU = Release|Any CPU
	EndGlobalSection
	GlobalSection(ProjectConfigurationPlatforms) = postSolution
		{65A54CC1-69A2-4CE6-B37A-83E459A45002}.Debug|Any CPU.ActiveCfg = Debug|Any CPU
		{65A54CC1-69A2-4CE6-B37A-83E459A45002}.Debug|Any CPU.Build.0 = Debug|Any CPU
		{65A54CC1-69A2-4CE6-B37A-83E459A45002}.Release|Any CPU.ActiveCfg = Release|Any CPU
		{65A54CC1-69A2-4CE6-B37A-83E459A45002}.Release|Any CPU.Build.0 = Release|Any CPU
	EndGlobalSection
	GlobalSection(SolutionProperties) = preSolution
		HideSolutionNode = FALSE
	EndGlobalSection
	GlobalSection(ExtensibilityGlobals) = postSolution
		SolutionGuid = {43D7CAA6-CA41-44B1-AD95-C08B06A1B782}
	EndGlobalSection
EndGlobal
